// !$*UTF8*$!
{
	archiveVersion = 1;
	classes = {
	};
	objectVersion = 50;
	objects = {

/* Begin PBXBuildFile section */
		F41F340E2314AC5200CDF119 /* ImageModel.swift in Sources */ = {isa = PBXBuildFile; fileRef = F41F340D2314AC5200CDF119 /* ImageModel.swift */; };
		F41F34102314ACD100CDF119 /* ImageData.swift in Sources */ = {isa = PBXBuildFile; fileRef = F41F340F2314ACD100CDF119 /* ImageData.swift */; };
		F41F34122314B3E200CDF119 /* CustomCollectionViewCell.swift in Sources */ = {isa = PBXBuildFile; fileRef = F41F34112314B3E200CDF119 /* CustomCollectionViewCell.swift */; };
		F41F34162314C15000CDF119 /* DetailsViewController.swift in Sources */ = {isa = PBXBuildFile; fileRef = F41F34152314C15000CDF119 /* DetailsViewController.swift */; };
		F4B2192B230A82EC00E80CFD /* AppDelegate.swift in Sources */ = {isa = PBXBuildFile; fileRef = F4B2192A230A82EC00E80CFD /* AppDelegate.swift */; };
		F4B2192D230A82EC00E80CFD /* CustomCollectionViewController.swift in Sources */ = {isa = PBXBuildFile; fileRef = F4B2192C230A82EC00E80CFD /* CustomCollectionViewController.swift */; };
		F4B21930230A82EC00E80CFD /* Main.storyboard in Resources */ = {isa = PBXBuildFile; fileRef = F4B2192E230A82EC00E80CFD /* Main.storyboard */; };
		F4B21932230A82FD00E80CFD /* Assets.xcassets in Resources */ = {isa = PBXBuildFile; fileRef = F4B21931230A82FD00E80CFD /* Assets.xcassets */; };
		F4B21935230A82FD00E80CFD /* LaunchScreen.storyboard in Resources */ = {isa = PBXBuildFile; fileRef = F4B21933230A82FD00E80CFD /* LaunchScreen.storyboard */; };
/* End PBXBuildFile section */

/* Begin PBXFileReference section */
		F41F340D2314AC5200CDF119 /* ImageModel.swift */ = {isa = PBXFileReference; lastKnownFileType = sourcecode.swift; path = ImageModel.swift; sourceTree = "<group>"; };
		F41F340F2314ACD100CDF119 /* ImageData.swift */ = {isa = PBXFileReference; lastKnownFileType = sourcecode.swift; path = ImageData.swift; sourceTree = "<group>"; };
		F41F34112314B3E200CDF119 /* CustomCollectionViewCell.swift */ = {isa = PBXFileReference; lastKnownFileType = sourcecode.swift; path = CustomCollectionViewCell.swift; sourceTree = "<group>"; };
		F41F34152314C15000CDF119 /* DetailsViewController.swift */ = {isa = PBXFileReference; lastKnownFileType = sourcecode.swift; path = DetailsViewController.swift; sourceTree = "<group>"; };
		F4B21927230A82EC00E80CFD /* CustomCollectionView.app */ = {isa = PBXFileReference; explicitFileType = wrapper.application; includeInIndex = 0; path = CustomCollectionView.app; sourceTree = BUILT_PRODUCTS_DIR; };
		F4B2192A230A82EC00E80CFD /* AppDelegate.swift */ = {isa = PBXFileReference; lastKnownFileType = sourcecode.swift; path = AppDelegate.swift; sourceTree = "<group>"; };
		F4B2192C230A82EC00E80CFD /* CustomCollectionViewController.swift */ = {isa = PBXFileReference; lastKnownFileType = sourcecode.swift; path = CustomCollectionViewController.swift; sourceTree = "<group>"; };
		F4B2192F230A82EC00E80CFD /* Base */ = {isa = PBXFileReference; lastKnownFileType = file.storyboard; name = Base; path = Base.lproj/Main.storyboard; sourceTree = "<group>"; };
		F4B21931230A82FD00E80CFD /* Assets.xcassets */ = {isa = PBXFileReference; lastKnownFileType = folder.assetcatalog; path = Assets.xcassets; sourceTree = "<group>"; };
		F4B21934230A82FD00E80CFD /* Base */ = {isa = PBXFileReference; lastKnownFileType = file.storyboard; name = Base; path = Base.lproj/LaunchScreen.storyboard; sourceTree = "<group>"; };
		F4B21936230A82FD00E80CFD /* Info.plist */ = {isa = PBXFileReference; lastKnownFileType = text.plist.xml; path = Info.plist; sourceTree = "<group>"; };
/* End PBXFileReference section */

/* Begin PBXFrameworksBuildPhase section */
		F4B21924230A82EC00E80CFD /* Frameworks */ = {
			isa = PBXFrameworksBuildPhase;
			buildActionMask = 2147483647;
			files = (
			);
			runOnlyForDeploymentPostprocessing = 0;
		};
/* End PBXFrameworksBuildPhase section */

/* Begin PBXGroup section */
		F4B2191E230A82EC00E80CFD = {
			isa = PBXGroup;
			children = (
				F4B21929230A82EC00E80CFD /* CustomCollectionView */,
				F4B21928230A82EC00E80CFD /* Products */,
			);
			sourceTree = "<group>";
		};
		F4B21928230A82EC00E80CFD /* Products */ = {
			isa = PBXGroup;
			children = (
				F4B21927230A82EC00E80CFD /* CustomCollectionView.app */,
			);
			name = Products;
			sourceTree = "<group>";
		};
		F4B21929230A82EC00E80CFD /* CustomCollectionView */ = {
			isa = PBXGroup;
			children = (
				F4B2192A230A82EC00E80CFD /* AppDelegate.swift */,
				F4B21941230A837600E80CFD /* Extension */,
				F4B21940230A836400E80CFD /* Data */,
				F4B2193F230A835B00E80CFD /* Model */,
				F4B2193E230A835100E80CFD /* View */,
				F4B2193D230A834100E80CFD /* Controller */,
				F4B2193C230A832900E80CFD /* Storyboard */,
				F4B21931230A82FD00E80CFD /* Assets.xcassets */,
				F4B21936230A82FD00E80CFD /* Info.plist */,
			);
			path = CustomCollectionView;
			sourceTree = "<group>";
		};
		F4B2193C230A832900E80CFD /* Storyboard */ = {
			isa = PBXGroup;
			children = (
				F4B2192E230A82EC00E80CFD /* Main.storyboard */,
				F4B21933230A82FD00E80CFD /* LaunchScreen.storyboard */,
			);
			path = Storyboard;
			sourceTree = "<group>";
		};
		F4B2193D230A834100E80CFD /* Controller */ = {
			isa = PBXGroup;
			children = (
				F4B2192C230A82EC00E80CFD /* CustomCollectionViewController.swift */,
				F41F34152314C15000CDF119 /* DetailsViewController.swift */,
			);
			path = Controller;
			sourceTree = "<group>";
		};
		F4B2193E230A835100E80CFD /* View */ = {
			isa = PBXGroup;
			children = (
				F41F34112314B3E200CDF119 /* CustomCollectionViewCell.swift */,
			);
			path = View;
			sourceTree = "<group>";
		};
		F4B2193F230A835B00E80CFD /* Model */ = {
			isa = PBXGroup;
			children = (
				F41F340D2314AC5200CDF119 /* ImageModel.swift */,
			);
			path = Model;
			sourceTree = "<group>";
		};
		F4B21940230A836400E80CFD /* Data */ = {
			isa = PBXGroup;
			children = (
				F41F340F2314ACD100CDF119 /* ImageData.swift */,
			);
			path = Data;
			sourceTree = "<group>";
		};
		F4B21941230A837600E80CFD /* Extension */ = {
			isa = PBXGroup;
			children = (
			);
			path = Extension;
			sourceTree = "<group>";
		};
/* End PBXGroup section */

/* Begin PBXNativeTarget section */
		F4B21926230A82EC00E80CFD /* CustomCollectionView */ = {
			isa = PBXNativeTarget;
			buildConfigurationList = F4B21939230A82FD00E80CFD /* Build configuration list for PBXNativeTarget "CustomCollectionView" */;
			buildPhases = (
				F4B21923230A82EC00E80CFD /* Sources */,
				F4B21924230A82EC00E80CFD /* Frameworks */,
				F4B21925230A82EC00E80CFD /* Resources */,
			);
			buildRules = (
			);
			dependencies = (
			);
			name = CustomCollectionView;
			productName = CustomCollectionView;
			productReference = F4B21927230A82EC00E80CFD /* CustomCollectionView.app */;
			productType = "com.apple.product-type.application";
		};
/* End PBXNativeTarget section */

/* Begin PBXProject section */
		F4B2191F230A82EC00E80CFD /* Project object */ = {
			isa = PBXProject;
			attributes = {
				LastSwiftUpdateCheck = 1030;
				LastUpgradeCheck = 1030;
				ORGANIZATIONNAME = "Nazim Uddin";
				TargetAttributes = {
					F4B21926230A82EC00E80CFD = {
						CreatedOnToolsVersion = 10.3;
					};
				};
			};
			buildConfigurationList = F4B21922230A82EC00E80CFD /* Build configuration list for PBXProject "CustomCollectionView" */;
			compatibilityVersion = "Xcode 9.3";
			developmentRegion = en;
			hasScannedForEncodings = 0;
			knownRegions = (
				en,
				Base,
			);
			mainGroup = F4B2191E230A82EC00E80CFD;
			productRefGroup = F4B21928230A82EC00E80CFD /* Products */;
			projectDirPath = "";
			projectRoot = "";
			targets = (
				F4B21926230A82EC00E80CFD /* CustomCollectionView */,
			);
		};
/* End PBXProject section */

/* Begin PBXResourcesBuildPhase section */
		F4B21925230A82EC00E80CFD /* Resources */ = {
			isa = PBXResourcesBuildPhase;
			buildActionMask = 2147483647;
			files = (
				F4B21935230A82FD00E80CFD /* LaunchScreen.storyboard in Resources */,
				F4B21932230A82FD00E80CFD /* Assets.xcassets in Resources */,
				F4B21930230A82EC00E80CFD /* Main.storyboard in Resources */,
			);
			runOnlyForDeploymentPostprocessing = 0;
		};
/* End PBXResourcesBuildPhase section */

/* Begin PBXSourcesBuildPhase section */
		F4B21923230A82EC00E80CFD /* Sources */ = {
			isa = PBXSourcesBuildPhase;
			buildActionMask = 2147483647;
			files = (
				F4B2192D230A82EC00E80CFD /* CustomCollectionViewController.swift in Sources */,
				F41F34122314B3E200CDF119 /* CustomCollectionViewCell.swift in Sources */,
				F41F340E2314AC5200CDF119 /* ImageModel.swift in Sources */,
				F4B2192B230A82EC00E80CFD /* AppDelegate.swift in Sources */,
				F41F34102314ACD100CDF119 /* ImageData.swift in Sources */,
				F41F34162314C15000CDF119 /* DetailsViewController.swift in Sources */,
			);
			runOnlyForDeploymentPostprocessing = 0;
		};
/* End PBXSourcesBuildPhase section */

/* Begin PBXVariantGroup section */
		F4B2192E230A82EC00E80CFD /* Main.storyboard */ = {
			isa = PBXVariantGroup;
			children = (
				F4B2192F230A82EC00E80CFD /* Base */,
			);
			name = Main.storyboard;
			sourceTree = "<group>";
		};
		F4B21933230A82FD00E80CFD /* LaunchScreen.storyboard */ = {
			isa = PBXVariantGroup;
			children = (
				F4B21934230A82FD00E80CFD /* Base */,
			);
			name = LaunchScreen.storyboard;
			sourceTree = "<group>";
		};
/* End PBXVariantGroup section */

/* Begin XCBuildConfiguration section */
		F4B21937230A82FD00E80CFD /* Debug */ = {
			isa = XCBuildConfiguration;
			buildSettings = {
				ALWAYS_SEARCH_USER_PATHS = NO;
				CLANG_ANALYZER_NONNULL = YES;
				CLANG_ANALYZER_NUMBER_OBJECT_CONVERSION = YES_AGGRESSIVE;
				CLANG_CXX_LANGUAGE_STANDARD = "gnu++14";
				CLANG_CXX_LIBRARY = "libc++";
				CLANG_ENABLE_MODULES = YES;
				CLANG_ENABLE_OBJC_ARC = YES;
				CLANG_ENABLE_OBJC_WEAK = YES;
				CLANG_WARN_BLOCK_CAPTURE_AUTORELEASING = YES;
				CLANG_WARN_BOOL_CONVERSION = YES;
				CLANG_WARN_COMMA = YES;
				CLANG_WARN_CONSTANT_CONVERSION = YES;
				CLANG_WARN_DEPRECATED_OBJC_IMPLEMENTATIONS = YES;
				CLANG_WARN_DIRECT_OBJC_ISA_USAGE = YES_ERROR;
				CLANG_WARN_DOCUMENTATION_COMMENTS = YES;
				CLANG_WARN_EMPTY_BODY = YES;
				CLANG_WARN_ENUM_CONVERSION = YES;
				CLANG_WARN_INFINITE_RECURSION = YES;
				CLANG_WARN_INT_CONVERSION = YES;
				CLANG_WARN_NON_LITERAL_NULL_CONVERSION = YES;
				CLANG_WARN_OBJC_IMPLICIT_RETAIN_SELF = YES;
				CLANG_WARN_OBJC_LITERAL_CONVERSION = YES;
				CLANG_WARN_OBJC_ROOT_CLASS = YES_ERROR;
				CLANG_WARN_RANGE_LOOP_ANALYSIS = YES;
				CLANG_WARN_STRICT_PROTOTYPES = YES;
				CLANG_WARN_SUSPICIOUS_MOVE = YES;
				CLANG_WARN_UNGUARDED_AVAILABILITY = YES_AGGRESSIVE;
				CLANG_WARN_UNREACHABLE_CODE = YES;
				CLANG_WARN__DUPLICATE_METHOD_MATCH = YES;
				CODE_SIGN_IDENTITY = "iPhone Developer";
				COPY_PHASE_STRIP = NO;
				DEBUG_INFORMATION_FORMAT = dwarf;
				ENABLE_STRICT_OBJC_MSGSEND = YES;
				ENABLE_TESTABILITY = YES;
				GCC_C_LANGUAGE_STANDARD = gnu11;
				GCC_DYNAMIC_NO_PIC = NO;
				GCC_NO_COMMON_BLOCKS = YES;
				GCC_OPTIMIZATION_LEVEL = 0;
				GCC_PREPROCESSOR_DEFINITIONS = (
					"DEBUG=1",
					"$(inherited)",
				);
				GCC_WARN_64_TO_32_BIT_CONVERSION = YES;
				GCC_WARN_ABOUT_RETURN_TYPE = YES_ERROR;
				GCC_WARN_UNDECLARED_SELECTOR = YES;
				GCC_WARN_UNINITIALIZED_AUTOS = YES_AGGRESSIVE;
				GCC_WARN_UNUSED_FUNCTION = YES;
				GCC_WARN_UNUSED_VARIABLE = YES;
				IPHONEOS_DEPLOYMENT_TARGET = 12.4;
				MTL_ENABLE_DEBUG_INFO = INCLUDE_SOURCE;
				MTL_FAST_MATH = YES;
				ONLY_ACTIVE_ARCH = YES;
				SDKROOT = iphoneos;
				SWIFT_ACTIVE_COMPILATION_CONDITIONS = DEBUG;
				SWIFT_OPTIMIZATION_LEVEL = "-Onone";
			};
			name = Debug;
		};
		F4B21938230A82FD00E80CFD /* Release */ = {
			isa = XCBuildConfiguration;
			buildSettings = {
				ALWAYS_SEARCH_USER_PATHS = NO;
				CLANG_ANALYZER_NONNULL = YES;
				CLANG_ANALYZER_NUMBER_OBJECT_CONVERSION = YES_AGGRESSIVE;
				CLANG_CXX_LANGUAGE_STANDARD = "gnu++14";
				CLANG_CXX_LIBRARY = "libc++";
				CLANG_ENABLE_MODULES = YES;
				CLANG_ENABLE_OBJC_ARC = YES;
				CLANG_ENABLE_OBJC_WEAK = YES;
				CLANG_WARN_BLOCK_CAPTURE_AUTORELEASING = YES;
				CLANG_WARN_BOOL_CONVERSION = YES;
				CLANG_WARN_COMMA = YES;
				CLANG_WARN_CONSTANT_CONVERSION = YES;
				CLANG_WARN_DEPRECATED_OBJC_IMPLEMENTATIONS = YES;
				CLANG_WARN_DIRECT_OBJC_ISA_USAGE = YES_ERROR;
				CLANG_WARN_DOCUMENTATION_COMMENTS = YES;
				CLANG_WARN_EMPTY_BODY = YES;
				CLANG_WARN_ENUM_CONVERSION = YES;
				CLANG_WARN_INFINITE_RECURSION = YES;
				CLANG_WARN_INT_CONVERSION = YES;
				CLANG_WARN_NON_LITERAL_NULL_CONVERSION = YES;
				CLANG_WARN_OBJC_IMPLICIT_RETAIN_SELF = YES;
				CLANG_WARN_OBJC_LITERAL_CONVERSION = YES;
				CLANG_WARN_OBJC_ROOT_CLASS = YES_ERROR;
				CLANG_WARN_RANGE_LOOP_ANALYSIS = YES;
				CLANG_WARN_STRICT_PROTOTYPES = YES;
				CLANG_WARN_SUSPICIOUS_MOVE = YES;
				CLANG_WARN_UNGUARDED_AVAILABILITY = YES_AGGRESSIVE;
				CLANG_WARN_UNREACHABLE_CODE = YES;
				CLANG_WARN__DUPLICATE_METHOD_MATCH = YES;
				CODE_SIGN_IDENTITY = "iPhone Developer";
				COPY_PHASE_STRIP = NO;
				DEBUG_INFORMATION_FORMAT = "dwarf-with-dsym";
				ENABLE_NS_ASSERTIONS = NO;
				ENABLE_STRICT_OBJC_MSGSEND = YES;
				GCC_C_LANGUAGE_STANDARD = gnu11;
				GCC_NO_COMMON_BLOCKS = YES;
				GCC_WARN_64_TO_32_BIT_CONVERSION = YES;
				GCC_WARN_ABOUT_RETURN_TYPE = YES_ERROR;
				GCC_WARN_UNDECLARED_SELECTOR = YES;
				GCC_WARN_UNINITIALIZED_AUTOS = YES_AGGRESSIVE;
				GCC_WARN_UNUSED_FUNCTION = YES;
				GCC_WARN_UNUSED_VARIABLE = YES;
				IPHONEOS_DEPLOYMENT_TARGET = 12.4;
				MTL_ENABLE_DEBUG_INFO = NO;
				MTL_FAST_MATH = YES;
				SDKROOT = iphoneos;
				SWIFT_COMPILATION_MODE = wholemodule;
				SWIFT_OPTIMIZATION_LEVEL = "-O";
				VALIDATE_PRODUCT = YES;
			};
			name = Release;
		};
		F4B2193A230A82FD00E80CFD /* Debug */ = {
			isa = XCBuildConfiguration;
			buildSettings = {
				ASSETCATALOG_COMPILER_APPICON_NAME = AppIcon;
				CODE_SIGN_STYLE = Automatic;
				DEVELOPMENT_TEAM = MR2599V69Q;
				INFOPLIST_FILE = CustomCollectionView/Info.plist;
				LD_RUNPATH_SEARCH_PATHS = (
					"$(inherited)",
					"@executable_path/Frameworks",
				);
				PRODUCT_BUNDLE_IDENTIFIER = nazim.CustomCollectionView;
				PRODUCT_NAME = "$(TARGET_NAME)";
				SWIFT_VERSION = 5.0;
				TARGETED_DEVICE_FAMILY = "1,2";
			};
			name = Debug;
		};
		F4B2193B230A82FD00E80CFD /* Release */ = {
			isa = XCBuildConfiguration;
			buildSettings = {
				ASSETCATALOG_COMPILER_APPICON_NAME = AppIcon;
				CODE_SIGN_STYLE = Automatic;
				DEVELOPMENT_TEAM = MR2599V69Q;
				INFOPLIST_FILE = CustomCollectionView/Info.plist;
				LD_RUNPATH_SEARCH_PATHS = (
					"$(inherited)",
					"@executable_path/Frameworks",
				);
				PRODUCT_BUNDLE_IDENTIFIER = nazim.CustomCollectionView;
				PRODUCT_NAME = "$(TARGET_NAME)";
				SWIFT_VERSION = 5.0;
				TARGETED_DEVICE_FAMILY = "1,2";
			};
			name = Release;
		};
/* End XCBuildConfiguration section */

/* Begin XCConfigurationList section */
		F4B21922230A82EC00E80CFD /* Build configuration list for PBXProject "CustomCollectionView" */ = {
			isa = XCConfigurationList;
			buildConfigurations = (
				F4B21937230A82FD00E80CFD /* Debug */,
				F4B21938230A82FD00E80CFD /* Release */,
			);
			defaultConfigurationIsVisible = 0;
			defaultConfigurationName = Release;
		};
		F4B21939230A82FD00E80CFD /* Build configuration list for PBXNativeTarget "CustomCollectionView" */ = {
			isa = XCConfigurationList;
			buildConfigurations = (
				F4B2193A230A82FD00E80CFD /* Debug */,
				F4B2193B230A82FD00E80CFD /* Release */,
			);
			defaultConfigurationIsVisible = 0;
			defaultConfigurationName = Release;
		};
/* End XCConfigurationList section */
	};
	rootObject = F4B2191F230A82EC00E80CFD /* Project object */;
}
